// !$*UTF8*$!
{
	archiveVersion = 1;
	classes = {
	};
	objectVersion = 48;
	objects = {

/* Begin PBXBuildFile section */
		42102D4D1F9D052C00E68B38 /* EnterpriseBusinessRules.framework in Frameworks */ = {isa = PBXBuildFile; fileRef = 42102D431F9D052C00E68B38 /* EnterpriseBusinessRules.framework */; };
		42102D521F9D052C00E68B38 /* EnterpriseBusinessRulesTests.swift in Sources */ = {isa = PBXBuildFile; fileRef = 42102D511F9D052C00E68B38 /* EnterpriseBusinessRulesTests.swift */; };
		42102D541F9D052C00E68B38 /* EnterpriseBusinessRules.h in Headers */ = {isa = PBXBuildFile; fileRef = 42102D461F9D052C00E68B38 /* EnterpriseBusinessRules.h */; settings = {ATTRIBUTES = (Public, ); }; };
		42DAACA81FB3E6C80025E130 /* Location.swift in Sources */ = {isa = PBXBuildFile; fileRef = 42DAACA71FB3E6C80025E130 /* Location.swift */; };
		42DAACAA1FB3E6D90025E130 /* Address.swift in Sources */ = {isa = PBXBuildFile; fileRef = 42DAACA91FB3E6D90025E130 /* Address.swift */; };
		42DAACAC1FB3E6E60025E130 /* User.swift in Sources */ = {isa = PBXBuildFile; fileRef = 42DAACAB1FB3E6E60025E130 /* User.swift */; };
/* End PBXBuildFile section */

/* Begin PBXContainerItemProxy section */
		42102D4E1F9D052C00E68B38 /* PBXContainerItemProxy */ = {
			isa = PBXContainerItemProxy;
			containerPortal = 42102D3A1F9D052C00E68B38 /* Project object */;
			proxyType = 1;
			remoteGlobalIDString = 42102D421F9D052C00E68B38;
			remoteInfo = EnterpriseBusinessRules;
		};
/* End PBXContainerItemProxy section */

/* Begin PBXFileReference section */
		42102D431F9D052C00E68B38 /* EnterpriseBusinessRules.framework */ = {isa = PBXFileReference; explicitFileType = wrapper.framework; includeInIndex = 0; path = EnterpriseBusinessRules.framework; sourceTree = BUILT_PRODUCTS_DIR; };
		42102D461F9D052C00E68B38 /* EnterpriseBusinessRules.h */ = {isa = PBXFileReference; lastKnownFileType = sourcecode.c.h; path = EnterpriseBusinessRules.h; sourceTree = "<group>"; };
		42102D471F9D052C00E68B38 /* Info.plist */ = {isa = PBXFileReference; lastKnownFileType = text.plist.xml; path = Info.plist; sourceTree = "<group>"; };
		42102D4C1F9D052C00E68B38 /* EnterpriseBusinessRulesTests.xctest */ = {isa = PBXFileReference; explicitFileType = wrapper.cfbundle; includeInIndex = 0; path = EnterpriseBusinessRulesTests.xctest; sourceTree = BUILT_PRODUCTS_DIR; };
		42102D511F9D052C00E68B38 /* EnterpriseBusinessRulesTests.swift */ = {isa = PBXFileReference; lastKnownFileType = sourcecode.swift; path = EnterpriseBusinessRulesTests.swift; sourceTree = "<group>"; };
		42102D531F9D052C00E68B38 /* Info.plist */ = {isa = PBXFileReference; lastKnownFileType = text.plist.xml; path = Info.plist; sourceTree = "<group>"; };
		42DAACA71FB3E6C80025E130 /* Location.swift */ = {isa = PBXFileReference; lastKnownFileType = sourcecode.swift; path = Location.swift; sourceTree = "<group>"; };
		42DAACA91FB3E6D90025E130 /* Address.swift */ = {isa = PBXFileReference; lastKnownFileType = sourcecode.swift; path = Address.swift; sourceTree = "<group>"; };
		42DAACAB1FB3E6E60025E130 /* User.swift */ = {isa = PBXFileReference; lastKnownFileType = sourcecode.swift; path = User.swift; sourceTree = "<group>"; };
/* End PBXFileReference section */

/* Begin PBXFrameworksBuildPhase section */
		42102D3F1F9D052C00E68B38 /* Frameworks */ = {
			isa = PBXFrameworksBuildPhase;
			buildActionMask = 2147483647;
			files = (
			);
			runOnlyForDeploymentPostprocessing = 0;
		};
		42102D491F9D052C00E68B38 /* Frameworks */ = {
			isa = PBXFrameworksBuildPhase;
			buildActionMask = 2147483647;
			files = (
				42102D4D1F9D052C00E68B38 /* EnterpriseBusinessRules.framework in Frameworks */,
			);
			runOnlyForDeploymentPostprocessing = 0;
		};
/* End PBXFrameworksBuildPhase section */

/* Begin PBXGroup section */
		42102D391F9D052C00E68B38 = {
			isa = PBXGroup;
			children = (
				42102D451F9D052C00E68B38 /* EnterpriseBusinessRules */,
				42102D501F9D052C00E68B38 /* EnterpriseBusinessRulesTests */,
				42102D441F9D052C00E68B38 /* Products */,
			);
			sourceTree = "<group>";
		};
		42102D441F9D052C00E68B38 /* Products */ = {
			isa = PBXGroup;
			children = (
				42102D431F9D052C00E68B38 /* EnterpriseBusinessRules.framework */,
				42102D4C1F9D052C00E68B38 /* EnterpriseBusinessRulesTests.xctest */,
			);
			name = Products;
			sourceTree = "<group>";
		};
		42102D451F9D052C00E68B38 /* EnterpriseBusinessRules */ = {
			isa = PBXGroup;
			children = (
				42102D461F9D052C00E68B38 /* EnterpriseBusinessRules.h */,
				42102D471F9D052C00E68B38 /* Info.plist */,
				42DAACA91FB3E6D90025E130 /* Address.swift */,
				42DAACA71FB3E6C80025E130 /* Location.swift */,
				42DAACAB1FB3E6E60025E130 /* User.swift */,
			);
			path = EnterpriseBusinessRules;
			sourceTree = "<group>";
		};
		42102D501F9D052C00E68B38 /* EnterpriseBusinessRulesTests */ = {
			isa = PBXGroup;
			children = (
				42102D511F9D052C00E68B38 /* EnterpriseBusinessRulesTests.swift */,
				42102D531F9D052C00E68B38 /* Info.plist */,
			);
			path = EnterpriseBusinessRulesTests;
			sourceTree = "<group>";
		};
/* End PBXGroup section */

/* Begin PBXHeadersBuildPhase section */
		42102D401F9D052C00E68B38 /* Headers */ = {
			isa = PBXHeadersBuildPhase;
			buildActionMask = 2147483647;
			files = (
				42102D541F9D052C00E68B38 /* EnterpriseBusinessRules.h in Headers */,
			);
			runOnlyForDeploymentPostprocessing = 0;
		};
/* End PBXHeadersBuildPhase section */

/* Begin PBXNativeTarget section */
		42102D421F9D052C00E68B38 /* EnterpriseBusinessRules */ = {
			isa = PBXNativeTarget;
			buildConfigurationList = 42102D571F9D052C00E68B38 /* Build configuration list for PBXNativeTarget "EnterpriseBusinessRules" */;
			buildPhases = (
				42102D3E1F9D052C00E68B38 /* Sources */,
				42102D3F1F9D052C00E68B38 /* Frameworks */,
				42102D401F9D052C00E68B38 /* Headers */,
				42102D411F9D052C00E68B38 /* Resources */,
			);
			buildRules = (
			);
			dependencies = (
			);
			name = EnterpriseBusinessRules;
			productName = EnterpriseBusinessRules;
			productReference = 42102D431F9D052C00E68B38 /* EnterpriseBusinessRules.framework */;
			productType = "com.apple.product-type.framework";
		};
		42102D4B1F9D052C00E68B38 /* EnterpriseBusinessRulesTests */ = {
			isa = PBXNativeTarget;
			buildConfigurationList = 42102D5A1F9D052C00E68B38 /* Build configuration list for PBXNativeTarget "EnterpriseBusinessRulesTests" */;
			buildPhases = (
				42102D481F9D052C00E68B38 /* Sources */,
				42102D491F9D052C00E68B38 /* Frameworks */,
				42102D4A1F9D052C00E68B38 /* Resources */,
			);
			buildRules = (
			);
			dependencies = (
				42102D4F1F9D052C00E68B38 /* PBXTargetDependency */,
			);
			name = EnterpriseBusinessRulesTests;
			productName = EnterpriseBusinessRulesTests;
			productReference = 42102D4C1F9D052C00E68B38 /* EnterpriseBusinessRulesTests.xctest */;
			productType = "com.apple.product-type.bundle.unit-test";
		};
/* End PBXNativeTarget section */

/* Begin PBXProject section */
		42102D3A1F9D052C00E68B38 /* Project object */ = {
			isa = PBXProject;
			attributes = {
				LastSwiftUpdateCheck = 0900;
				LastUpgradeCheck = 0900;
				ORGANIZATIONNAME = "Julio Cesar Guzman Villanueva";
				TargetAttributes = {
					42102D421F9D052C00E68B38 = {
						CreatedOnToolsVersion = 9.0.1;
						LastSwiftMigration = 0910;
						ProvisioningStyle = Automatic;
					};
					42102D4B1F9D052C00E68B38 = {
						CreatedOnToolsVersion = 9.0.1;
						ProvisioningStyle = Automatic;
					};
				};
			};
			buildConfigurationList = 42102D3D1F9D052C00E68B38 /* Build configuration list for PBXProject "EnterpriseBusinessRules" */;
			compatibilityVersion = "Xcode 8.0";
			developmentRegion = en;
			hasScannedForEncodings = 0;
			knownRegions = (
				en,
			);
			mainGroup = 42102D391F9D052C00E68B38;
			productRefGroup = 42102D441F9D052C00E68B38 /* Products */;
			projectDirPath = "";
			projectRoot = "";
			targets = (
				42102D421F9D052C00E68B38 /* EnterpriseBusinessRules */,
				42102D4B1F9D052C00E68B38 /* EnterpriseBusinessRulesTests */,
			);
		};
/* End PBXProject section */

/* Begin PBXResourcesBuildPhase section */
		42102D411F9D052C00E68B38 /* Resources */ = {
			isa = PBXResourcesBuildPhase;
			buildActionMask = 2147483647;
			files = (
			);
			runOnlyForDeploymentPostprocessing = 0;
		};
		42102D4A1F9D052C00E68B38 /* Resources */ = {
			isa = PBXResourcesBuildPhase;
			buildActionMask = 2147483647;
			files = (
			);
			runOnlyForDeploymentPostprocessing = 0;
		};
/* End PBXResourcesBuildPhase section */

/* Begin PBXSourcesBuildPhase section */
		42102D3E1F9D052C00E68B38 /* Sources */ = {
			isa = PBXSourcesBuildPhase;
			buildActionMask = 2147483647;
			files = (
				42DAACAC1FB3E6E60025E130 /* User.swift in Sources */,
				42DAACAA1FB3E6D90025E130 /* Address.swift in Sources */,
				42DAACA81FB3E6C80025E130 /* Location.swift in Sources */,
			);
			runOnlyForDeploymentPostprocessing = 0;
		};
		42102D481F9D052C00E68B38 /* Sources */ = {
			isa = PBXSourcesBuildPhase;
			buildActionMask = 2147483647;
			files = (
				42102D521F9D052C00E68B38 /* EnterpriseBusinessRulesTests.swift in Sources */,
			);
			runOnlyForDeploymentPostprocessing = 0;
		};
/* End PBXSourcesBuildPhase section */

/* Begin PBXTargetDependency section */
		42102D4F1F9D052C00E68B38 /* PBXTargetDependency */ = {
			isa = PBXTargetDependency;
			target = 42102D421F9D052C00E68B38 /* EnterpriseBusinessRules */;
			targetProxy = 42102D4E1F9D052C00E68B38 /* PBXContainerItemProxy */;
		};
/* End PBXTargetDependency section */

/* Begin XCBuildConfiguration section */
		42102D551F9D052C00E68B38 /* Debug */ = {
			isa = XCBuildConfiguration;
			buildSettings = {
				ALWAYS_SEARCH_USER_PATHS = NO;
				CLANG_ANALYZER_NONNULL = YES;
				CLANG_ANALYZER_NUMBER_OBJECT_CONVERSION = YES_AGGRESSIVE;
				CLANG_CXX_LANGUAGE_STANDARD = "gnu++14";
				CLANG_CXX_LIBRARY = "libc++";
				CLANG_ENABLE_MODULES = YES;
				CLANG_ENABLE_OBJC_ARC = YES;
				CLANG_WARN_BLOCK_CAPTURE_AUTORELEASING = YES;
				CLANG_WARN_BOOL_CONVERSION = YES;
				CLANG_WARN_COMMA = YES;
				CLANG_WARN_CONSTANT_CONVERSION = YES;
				CLANG_WARN_DIRECT_OBJC_ISA_USAGE = YES_ERROR;
				CLANG_WARN_DOCUMENTATION_COMMENTS = YES;
				CLANG_WARN_EMPTY_BODY = YES;
				CLANG_WARN_ENUM_CONVERSION = YES;
				CLANG_WARN_INFINITE_RECURSION = YES;
				CLANG_WARN_INT_CONVERSION = YES;
				CLANG_WARN_NON_LITERAL_NULL_CONVERSION = YES;
				CLANG_WARN_OBJC_LITERAL_CONVERSION = YES;
				CLANG_WARN_OBJC_ROOT_CLASS = YES_ERROR;
				CLANG_WARN_RANGE_LOOP_ANALYSIS = YES;
				CLANG_WARN_STRICT_PROTOTYPES = YES;
				CLANG_WARN_SUSPICIOUS_MOVE = YES;
				CLANG_WARN_UNGUARDED_AVAILABILITY = YES_AGGRESSIVE;
				CLANG_WARN_UNREACHABLE_CODE = YES;
				CLANG_WARN__DUPLICATE_METHOD_MATCH = YES;
				CODE_SIGN_IDENTITY = "iPhone Developer";
				COPY_PHASE_STRIP = NO;
				CURRENT_PROJECT_VERSION = 1;
				DEBUG_INFORMATION_FORMAT = dwarf;
				ENABLE_STRICT_OBJC_MSGSEND = YES;
				ENABLE_TESTABILITY = YES;
				GCC_C_LANGUAGE_STANDARD = gnu11;
				GCC_DYNAMIC_NO_PIC = NO;
				GCC_NO_COMMON_BLOCKS = YES;
				GCC_OPTIMIZATION_LEVEL = 0;
				GCC_PREPROCESSOR_DEFINITIONS = (
					"DEBUG=1",
					"$(inherited)",
				);
				GCC_WARN_64_TO_32_BIT_CONVERSION = YES;
				GCC_WARN_ABOUT_RETURN_TYPE = YES_ERROR;
				GCC_WARN_UNDECLARED_SELECTOR = YES;
				GCC_WARN_UNINITIALIZED_AUTOS = YES_AGGRESSIVE;
				GCC_WARN_UNUSED_FUNCTION = YES;
				GCC_WARN_UNUSED_VARIABLE = YES;
				IPHONEOS_DEPLOYMENT_TARGET = 11.0;
				MTL_ENABLE_DEBUG_INFO = YES;
				ONLY_ACTIVE_ARCH = YES;
				SDKROOT = iphoneos;
				SWIFT_ACTIVE_COMPILATION_CONDITIONS = DEBUG;
				SWIFT_OPTIMIZATION_LEVEL = "-Onone";
				VERSIONING_SYSTEM = "apple-generic";
				VERSION_INFO_PREFIX = "";
			};
			name = Debug;
		};
		42102D561F9D052C00E68B38 /* Release */ = {
			isa = XCBuildConfiguration;
			buildSettings = {
				ALWAYS_SEARCH_USER_PATHS = NO;
				CLANG_ANALYZER_NONNULL = YES;
				CLANG_ANALYZER_NUMBER_OBJECT_CONVERSION = YES_AGGRESSIVE;
				CLANG_CXX_LANGUAGE_STANDARD = "gnu++14";
				CLANG_CXX_LIBRARY = "libc++";
				CLANG_ENABLE_MODULES = YES;
				CLANG_ENABLE_OBJC_ARC = YES;
				CLANG_WARN_BLOCK_CAPTURE_AUTORELEASING = YES;
				CLANG_WARN_BOOL_CONVERSION = YES;
				CLANG_WARN_COMMA = YES;
				CLANG_WARN_CONSTANT_CONVERSION = YES;
				CLANG_WARN_DIRECT_OBJC_ISA_USAGE = YES_ERROR;
				CLANG_WARN_DOCUMENTATION_COMMENTS = YES;
				CLANG_WARN_EMPTY_BODY = YES;
				CLANG_WARN_ENUM_CONVERSION = YES;
				CLANG_WARN_INFINITE_RECURSION = YES;
				CLANG_WARN_INT_CONVERSION = YES;
				CLANG_WARN_NON_LITERAL_NULL_CONVERSION = YES;
				CLANG_WARN_OBJC_LITERAL_CONVERSION = YES;
				CLANG_WARN_OBJC_ROOT_CLASS = YES_ERROR;
				CLANG_WARN_RANGE_LOOP_ANALYSIS = YES;
				CLANG_WARN_STRICT_PROTOTYPES = YES;
				CLANG_WARN_SUSPICIOUS_MOVE = YES;
				CLANG_WARN_UNGUARDED_AVAILABILITY = YES_AGGRESSIVE;
				CLANG_WARN_UNREACHABLE_CODE = YES;
				CLANG_WARN__DUPLICATE_METHOD_MATCH = YES;
				CODE_SIGN_IDENTITY = "iPhone Developer";
				COPY_PHASE_STRIP = NO;
				CURRENT_PROJECT_VERSION = 1;
				DEBUG_INFORMATION_FORMAT = "dwarf-with-dsym";
				ENABLE_NS_ASSERTIONS = NO;
				ENABLE_STRICT_OBJC_MSGSEND = YES;
				GCC_C_LANGUAGE_STANDARD = gnu11;
				GCC_NO_COMMON_BLOCKS = YES;
				GCC_WARN_64_TO_32_BIT_CONVERSION = YES;
				GCC_WARN_ABOUT_RETURN_TYPE = YES_ERROR;
				GCC_WARN_UNDECLARED_SELECTOR = YES;
				GCC_WARN_UNINITIALIZED_AUTOS = YES_AGGRESSIVE;
				GCC_WARN_UNUSED_FUNCTION = YES;
				GCC_WARN_UNUSED_VARIABLE = YES;
				IPHONEOS_DEPLOYMENT_TARGET = 11.0;
				MTL_ENABLE_DEBUG_INFO = NO;
				SDKROOT = iphoneos;
				SWIFT_OPTIMIZATION_LEVEL = "-Owholemodule";
				VALIDATE_PRODUCT = YES;
				VERSIONING_SYSTEM = "apple-generic";
				VERSION_INFO_PREFIX = "";
			};
			name = Release;
		};
		42102D581F9D052C00E68B38 /* Debug */ = {
			isa = XCBuildConfiguration;
			buildSettings = {
				CLANG_ENABLE_MODULES = YES;
				CODE_SIGN_IDENTITY = "";
				CODE_SIGN_STYLE = Automatic;
				DEFINES_MODULE = YES;
				DYLIB_COMPATIBILITY_VERSION = 1;
				DYLIB_CURRENT_VERSION = 1;
				DYLIB_INSTALL_NAME_BASE = "@rpath";
				INFOPLIST_FILE = EnterpriseBusinessRules/Info.plist;
				INSTALL_PATH = "$(LOCAL_LIBRARY_DIR)/Frameworks";
				LD_RUNPATH_SEARCH_PATHS = "$(inherited) @executable_path/Frameworks @loader_path/Frameworks";
				PRODUCT_BUNDLE_IDENTIFIER = com.julio.EnterpriseBusinessRules;
				PRODUCT_NAME = "$(TARGET_NAME:c99extidentifier)";
				SKIP_INSTALL = YES;
				SWIFT_OPTIMIZATION_LEVEL = "-Onone";
				SWIFT_VERSION = 4.0;
				TARGETED_DEVICE_FAMILY = "1,2";
			};
			name = Debug;
		};
		42102D591F9D052C00E68B38 /* Release */ = {
			isa = XCBuildConfiguration;
			buildSettings = {
				CLANG_ENABLE_MODULES = YES;
				CODE_SIGN_IDENTITY = "";
				CODE_SIGN_STYLE = Automatic;
				DEFINES_MODULE = YES;
				DYLIB_COMPATIBILITY_VERSION = 1;
				DYLIB_CURRENT_VERSION = 1;
				DYLIB_INSTALL_NAME_BASE = "@rpath";
				INFOPLIST_FILE = EnterpriseBusinessRules/Info.plist;
				INSTALL_PATH = "$(LOCAL_LIBRARY_DIR)/Frameworks";
				LD_RUNPATH_SEARCH_PATHS = "$(inherited) @executable_path/Frameworks @loader_path/Frameworks";
				PRODUCT_BUNDLE_IDENTIFIER = com.julio.EnterpriseBusinessRules;
				PRODUCT_NAME = "$(TARGET_NAME:c99extidentifier)";
				SKIP_INSTALL = YES;
				SWIFT_VERSION = 4.0;
				TARGETED_DEVICE_FAMILY = "1,2";
			};
			name = Release;
		};
		42102D5B1F9D052C00E68B38 /* Debug */ = {
			isa = XCBuildConfiguration;
			buildSettings = {
				ALWAYS_EMBED_SWIFT_STANDARD_LIBRARIES = YES;
				CODE_SIGN_STYLE = Automatic;
				INFOPLIST_FILE = EnterpriseBusinessRulesTests/Info.plist;
				LD_RUNPATH_SEARCH_PATHS = "$(inherited) @executable_path/Frameworks @loader_path/Frameworks";
				PRODUCT_BUNDLE_IDENTIFIER = com.julio.EnterpriseBusinessRulesTests;
				PRODUCT_NAME = "$(TARGET_NAME)";
				SWIFT_VERSION = 4.0;
				TARGETED_DEVICE_FAMILY = "1,2";
			};
			name = Debug;
		};
		42102D5C1F9D052C00E68B38 /* Release */ = {
			isa = XCBuildConfiguration;
			buildSettings = {
				ALWAYS_EMBED_SWIFT_STANDARD_LIBRARIES = YES;
				CODE_SIGN_STYLE = Automatic;
				INFOPLIST_FILE = EnterpriseBusinessRulesTests/Info.plist;
				LD_RUNPATH_SEARCH_PATHS = "$(inherited) @executable_path/Frameworks @loader_path/Frameworks";
				PRODUCT_BUNDLE_IDENTIFIER = com.julio.EnterpriseBusinessRulesTests;
				PRODUCT_NAME = "$(TARGET_NAME)";
				SWIFT_VERSION = 4.0;
				TARGETED_DEVICE_FAMILY = "1,2";
			};
			name = Release;
		};
/* End XCBuildConfiguration section */

/* Begin XCConfigurationList section */
		42102D3D1F9D052C00E68B38 /* Build configuration list for PBXProject "EnterpriseBusinessRules" */ = {
			isa = XCConfigurationList;
			buildConfigurations = (
				42102D551F9D052C00E68B38 /* Debug */,
				42102D561F9D052C00E68B38 /* Release */,
			);
			defaultConfigurationIsVisible = 0;
			defaultConfigurationName = Release;
		};
		42102D571F9D052C00E68B38 /* Build configuration list for PBXNativeTarget "EnterpriseBusinessRules" */ = {
			isa = XCConfigurationList;
			buildConfigurations = (
				42102D581F9D052C00E68B38 /* Debug */,
				42102D591F9D052C00E68B38 /* Release */,
			);
			defaultConfigurationIsVisible = 0;
			defaultConfigurationName = Release;
		};
		42102D5A1F9D052C00E68B38 /* Build configuration list for PBXNativeTarget "EnterpriseBusinessRulesTests" */ = {
			isa = XCConfigurationList;
			buildConfigurations = (
				42102D5B1F9D052C00E68B38 /* Debug */,
				42102D5C1F9D052C00E68B38 /* Release */,
			);
			defaultConfigurationIsVisible = 0;
			defaultConfigurationName = Release;
		};
/* End XCConfigurationList section */
	};
	rootObject = 42102D3A1F9D052C00E68B38 /* Project object */;
}
